
Microsoft Visual Studio Solution File, Format Version 11.00
# Visual Studio 2010
Project("{2150E333-8FDC-42A3-9474-1A3956D46DE8}") = "Tests", "Tests", "{B38D37DC-A8DE-48CA-913D-55A8A43C892C}"
EndProject
Project("{FAE04EC0-301F-11D3-BF4B-00C04F79EFBC}") = "CodeCovered.GeoShop.Entities", "CodeCovered.GeoShop.Entities\CodeCovered.GeoShop.Entities.csproj", "{361555D1-4F9D-4951-8D1C-5194B0AACE96}"
EndProject
Project("{FAE04EC0-301F-11D3-BF4B-00C04F79EFBC}") = "CodeCovered.GeoShop.Infrastructure", "CodeCovered.GeoShop.Infrastructure\CodeCovered.GeoShop.Infrastructure.csproj", "{47EE14C5-3B4E-48BE-9DFE-2000066EDF9B}"
EndProject
Project("{FAE04EC0-301F-11D3-BF4B-00C04F79EFBC}") = "CodeCovered.GeoShop.Mapping", "CodeCovered.GeoShop.Mapping\CodeCovered.GeoShop.Mapping.csproj", "{B16EF899-B1F4-47AA-8A1E-46C6E222556B}"
EndProject
Project("{FAE04EC0-301F-11D3-BF4B-00C04F79EFBC}") = "CodeCovered.GeoShop.Integration.Tests", "CodeCovered.GeoShop.Integration.Tests\CodeCovered.GeoShop.Integration.Tests.csproj", "{87FD80F5-0EEA-497B-8E54-CDEA68075762}"
EndProject
Project("{FAE04EC0-301F-11D3-BF4B-00C04F79EFBC}") = "CodeCovered.GeoShop.Mapping.Tests", "CodeCovered.GeoShop.Mapping.Tests\CodeCovered.GeoShop.Mapping.Tests.csproj", "{BFFD171D-C78A-4CF7-BB8E-EE9C52292D30}"
EndProject
Global
	GlobalSection(SolutionConfigurationPlatforms) = preSolution
		Debug|Any CPU = Debug|Any CPU
		Release|Any CPU = Release|Any CPU
	EndGlobalSection
	GlobalSection(ProjectConfigurationPlatforms) = postSolution
		{361555D1-4F9D-4951-8D1C-5194B0AACE96}.Debug|Any CPU.ActiveCfg = Debug|Any CPU
		{361555D1-4F9D-4951-8D1C-5194B0AACE96}.Debug|Any CPU.Build.0 = Debug|Any CPU
		{361555D1-4F9D-4951-8D1C-5194B0AACE96}.Release|Any CPU.ActiveCfg = Release|Any CPU
		{361555D1-4F9D-4951-8D1C-5194B0AACE96}.Release|Any CPU.Build.0 = Release|Any CPU
		{47EE14C5-3B4E-48BE-9DFE-2000066EDF9B}.Debug|Any CPU.ActiveCfg = Debug|Any CPU
		{47EE14C5-3B4E-48BE-9DFE-2000066EDF9B}.Debug|Any CPU.Build.0 = Debug|Any CPU
		{47EE14C5-3B4E-48BE-9DFE-2000066EDF9B}.Release|Any CPU.ActiveCfg = Release|Any CPU
		{47EE14C5-3B4E-48BE-9DFE-2000066EDF9B}.Release|Any CPU.Build.0 = Release|Any CPU
		{B16EF899-B1F4-47AA-8A1E-46C6E222556B}.Debug|Any CPU.ActiveCfg = Debug|Any CPU
		{B16EF899-B1F4-47AA-8A1E-46C6E222556B}.Debug|Any CPU.Build.0 = Debug|Any CPU
		{B16EF899-B1F4-47AA-8A1E-46C6E222556B}.Release|Any CPU.ActiveCfg = Release|Any CPU
		{B16EF899-B1F4-47AA-8A1E-46C6E222556B}.Release|Any CPU.Build.0 = Release|Any CPU
		{87FD80F5-0EEA-497B-8E54-CDEA68075762}.Debug|Any CPU.ActiveCfg = Debug|Any CPU
		{87FD80F5-0EEA-497B-8E54-CDEA68075762}.Debug|Any CPU.Build.0 = Debug|Any CPU
		{87FD80F5-0EEA-497B-8E54-CDEA68075762}.Release|Any CPU.ActiveCfg = Release|Any CPU
		{87FD80F5-0EEA-497B-8E54-CDEA68075762}.Release|Any CPU.Build.0 = Release|Any CPU
		{BFFD171D-C78A-4CF7-BB8E-EE9C52292D30}.Debug|Any CPU.ActiveCfg = Debug|Any CPU
		{BFFD171D-C78A-4CF7-BB8E-EE9C52292D30}.Debug|Any CPU.Build.0 = Debug|Any CPU
		{BFFD171D-C78A-4CF7-BB8E-EE9C52292D30}.Release|Any CPU.ActiveCfg = Release|Any CPU
		{BFFD171D-C78A-4CF7-BB8E-EE9C52292D30}.Release|Any CPU.Build.0 = Release|Any CPU
	EndGlobalSection
	GlobalSection(SolutionProperties) = preSolution
		HideSolutionNode = FALSE
	EndGlobalSection
	GlobalSection(NestedProjects) = preSolution
		{87FD80F5-0EEA-497B-8E54-CDEA68075762} = {B38D37DC-A8DE-48CA-913D-55A8A43C892C}
		{BFFD171D-C78A-4CF7-BB8E-EE9C52292D30} = {B38D37DC-A8DE-48CA-913D-55A8A43C892C}
	EndGlobalSection
EndGlobal
